{
  "version": 4,
  "terraform_version": "0.13.5",
  "serial": 2,
  "lineage": "bd8b211e-1ebb-bd12-a462-441bac84c041",
  "outputs": {},
  "resources": [
    {
      "mode": "managed",
      "type": "aws_vpc",
      "name": "myvpc",
      "provider": "provider[\"registry.terraform.io/hashicorp/aws\"]",
      "instances": [
        {
          "schema_version": 1,
          "attributes": {
            "arn": "arn:aws:ec2:eu-west-2:294581606298:vpc/vpc-082b7b72750ffbe8e",
            "assign_generated_ipv6_cidr_block": false,
            "cidr_block": "10.0.0.0/16",
            "default_network_acl_id": "acl-04629fc58e352b5d1",
            "default_route_table_id": "rtb-0a8ab671daccab023",
            "default_security_group_id": "sg-0f1780cb1eb72cb9f",
            "dhcp_options_id": "dopt-f5114d9d",
            "enable_classiclink": null,
            "enable_classiclink_dns_support": null,
            "enable_dns_hostnames": false,
            "enable_dns_support": true,
            "id": "vpc-082b7b72750ffbe8e",
            "instance_tenancy": "default",
            "ipv6_association_id": "",
            "ipv6_cidr_block": "",
            "main_route_table_id": "rtb-0a8ab671daccab023",
            "owner_id": "294581606298",
            "tags": null
          },
          "private": "eyJzY2hlbWFfdmVyc2lvbiI6IjEifQ=="
        }
      ]
    },
    {
      "mode": "managed",
      "type": "aws_vpc",
      "name": "myvpc2",
      "provider": "provider[\"registry.terraform.io/hashicorp/aws\"]",
      "instances": [
        {
          "schema_version": 1,
          "attributes": {
            "arn": "arn:aws:ec2:eu-west-2:294581606298:vpc/vpc-04c74dbdb79b2406e",
            "assign_generated_ipv6_cidr_block": false,
            "cidr_block": "192.168.0.0/24",
            "default_network_acl_id": "acl-0f8f24cd4e214d672",
            "default_route_table_id": "rtb-0bb1429643a2c7a39",
            "default_security_group_id": "sg-08f46e8c41fa4ec4c",
            "dhcp_options_id": "dopt-f5114d9d",
            "enable_classiclink": null,
            "enable_classiclink_dns_support": null,
            "enable_dns_hostnames": false,
            "enable_dns_support": true,
            "id": "vpc-04c74dbdb79b2406e",
            "instance_tenancy": "default",
            "ipv6_association_id": "",
            "ipv6_cidr_block": "",
            "main_route_table_id": "rtb-0bb1429643a2c7a39",
            "owner_id": "294581606298",
            "tags": {
              "Name": "myvpc2"
            }
          },
          "private": "eyJzY2hlbWFfdmVyc2lvbiI6IjEifQ=="
        }
      ]
    }
  ]
}
