{
  "version": 4,
  "terraform_version": "0.13.5",
  "serial": 5,
  "lineage": "f24cbc34-d7b4-dd22-f709-6bff86c56ed2",
  "outputs": {},
  "resources": [
    {
      "mode": "managed",
      "type": "aws_vpc",
      "name": "challange1Vpc",
      "provider": "provider[\"registry.terraform.io/hashicorp/aws\"]",
      "instances": [
        {
          "schema_version": 1,
          "attributes": {
            "arn": "arn:aws:ec2:eu-west-2:294581606298:vpc/vpc-044dbadbb40c5c42c",
            "assign_generated_ipv6_cidr_block": false,
            "cidr_block": "92.168.0.0/24",
            "default_network_acl_id": "acl-0dbac260df5207e05",
            "default_route_table_id": "rtb-04f8702f1280f7983",
            "default_security_group_id": "sg-06bf001f3f59078e9",
            "dhcp_options_id": "dopt-f5114d9d",
            "enable_classiclink": null,
            "enable_classiclink_dns_support": null,
            "enable_dns_hostnames": false,
            "enable_dns_support": true,
            "id": "vpc-044dbadbb40c5c42c",
            "instance_tenancy": "default",
            "ipv6_association_id": "",
            "ipv6_cidr_block": "",
            "main_route_table_id": "rtb-04f8702f1280f7983",
            "owner_id": "294581606298",
            "tags": {
              "Name": "TerraformVPC"
            }
          },
          "private": "eyJzY2hlbWFfdmVyc2lvbiI6IjEifQ=="
        }
      ]
    }
  ]
}
