{
  "version": 4,
  "terraform_version": "0.13.5",
  "serial": 5,
  "lineage": "3b146013-ef0e-c76a-3bf1-04fe5bc948b3",
  "outputs": {},
  "resources": [
    {
      "mode": "managed",
      "type": "aws_vpc",
      "name": "myvpc",
      "provider": "provider[\"registry.terraform.io/hashicorp/aws\"]",
      "instances": [
        {
          "schema_version": 1,
          "attributes": {
            "arn": "arn:aws:ec2:eu-west-2:294581606298:vpc/vpc-0ddaecbf22a6bbca0",
            "assign_generated_ipv6_cidr_block": false,
            "cidr_block": "10.0.0.0/16",
            "default_network_acl_id": "acl-0c7908bcb3563f9ea",
            "default_route_table_id": "rtb-06a9ecfcd26edd72e",
            "default_security_group_id": "sg-04d46faab55788783",
            "dhcp_options_id": "dopt-f5114d9d",
            "enable_classiclink": null,
            "enable_classiclink_dns_support": null,
            "enable_dns_hostnames": false,
            "enable_dns_support": true,
            "id": "vpc-0ddaecbf22a6bbca0",
            "instance_tenancy": "default",
            "ipv6_association_id": "",
            "ipv6_cidr_block": "",
            "main_route_table_id": "rtb-06a9ecfcd26edd72e",
            "owner_id": "294581606298",
            "tags": null
          },
          "private": "eyJzY2hlbWFfdmVyc2lvbiI6IjEifQ=="
        }
      ]
    }
  ]
}
