{
  "version": 4,
  "terraform_version": "0.13.5",
  "serial": 2,
  "lineage": "7cca6e34-cd26-c195-acda-82207ffb323f",
  "outputs": {
    "vpcid": {
      "value": "vpc-0cfc1bc84e4356161",
      "type": "string"
    }
  },
  "resources": [
    {
      "mode": "managed",
      "type": "aws_vpc",
      "name": "myvpc",
      "provider": "provider[\"registry.terraform.io/hashicorp/aws\"]",
      "instances": [
        {
          "schema_version": 1,
          "attributes": {
            "arn": "arn:aws:ec2:eu-west-2:294581606298:vpc/vpc-0cfc1bc84e4356161",
            "assign_generated_ipv6_cidr_block": false,
            "cidr_block": "10.0.0.0/16",
            "default_network_acl_id": "acl-0e8aa2a276f3d273f",
            "default_route_table_id": "rtb-079c5561e5e7133b6",
            "default_security_group_id": "sg-0d7816220946964df",
            "dhcp_options_id": "dopt-f5114d9d",
            "enable_classiclink": null,
            "enable_classiclink_dns_support": null,
            "enable_dns_hostnames": false,
            "enable_dns_support": true,
            "id": "vpc-0cfc1bc84e4356161",
            "instance_tenancy": "default",
            "ipv6_association_id": "",
            "ipv6_cidr_block": "",
            "main_route_table_id": "rtb-079c5561e5e7133b6",
            "owner_id": "294581606298",
            "tags": {
              "Name": "inputVpc"
            }
          },
          "private": "eyJzY2hlbWFfdmVyc2lvbiI6IjEifQ=="
        }
      ]
    }
  ]
}
